// !$*UTF8*$!
{
	archiveVersion = 1;
	classes = {
	};
	objectVersion = 50;
	objects = {

/* Begin PBXBuildFile section */
		D40B233B24B98A43008AB211 /* ProjectCollectionViewCell.swift in Sources */ = {isa = PBXBuildFile; fileRef = D40B233924B98A43008AB211 /* ProjectCollectionViewCell.swift */; };
		D40B233C24B98A43008AB211 /* ProjectCollectionViewCell.xib in Resources */ = {isa = PBXBuildFile; fileRef = D40B233A24B98A43008AB211 /* ProjectCollectionViewCell.xib */; };
		D453DBBA24D6A31D0039D9FA /* TaskDetailViewController.swift in Sources */ = {isa = PBXBuildFile; fileRef = D453DBB924D6A31D0039D9FA /* TaskDetailViewController.swift */; };
		D45AEF4E24B9528E00C1A50D /* ProjectTableViewCell.swift in Sources */ = {isa = PBXBuildFile; fileRef = D45AEF4C24B9528E00C1A50D /* ProjectTableViewCell.swift */; };
		D45AEF4F24B9528E00C1A50D /* ProjectTableViewCell.xib in Resources */ = {isa = PBXBuildFile; fileRef = D45AEF4D24B9528E00C1A50D /* ProjectTableViewCell.xib */; };
		D467BD8424CD135D00947928 /* ProjectDetailViewController.swift in Sources */ = {isa = PBXBuildFile; fileRef = D467BD8324CD135D00947928 /* ProjectDetailViewController.swift */; };
		D486C2DB24C974790095F7F0 /* Project.swift in Sources */ = {isa = PBXBuildFile; fileRef = D486C2D824C974790095F7F0 /* Project.swift */; };
		D486C2DC24C974790095F7F0 /* ProjectsList.swift in Sources */ = {isa = PBXBuildFile; fileRef = D486C2D924C974790095F7F0 /* ProjectsList.swift */; };
		D486C2DD24C974790095F7F0 /* Task.swift in Sources */ = {isa = PBXBuildFile; fileRef = D486C2DA24C974790095F7F0 /* Task.swift */; };
		D4B6A5902551217C007FDCBD /* AppDelegate.swift in Sources */ = {isa = PBXBuildFile; fileRef = D4B6A58F2551217C007FDCBD /* AppDelegate.swift */; };
		D4B6A5922551217C007FDCBD /* SceneDelegate.swift in Sources */ = {isa = PBXBuildFile; fileRef = D4B6A5912551217C007FDCBD /* SceneDelegate.swift */; };
		D4B6A5942551217C007FDCBD /* ContentView.swift in Sources */ = {isa = PBXBuildFile; fileRef = D4B6A5932551217C007FDCBD /* ContentView.swift */; };
		D4B6A5962551217D007FDCBD /* Assets.xcassets in Resources */ = {isa = PBXBuildFile; fileRef = D4B6A5952551217D007FDCBD /* Assets.xcassets */; };
		D4B6A5992551217D007FDCBD /* Preview Assets.xcassets in Resources */ = {isa = PBXBuildFile; fileRef = D4B6A5982551217D007FDCBD /* Preview Assets.xcassets */; };
		D4B6A59C2551217D007FDCBD /* LaunchScreen.storyboard in Resources */ = {isa = PBXBuildFile; fileRef = D4B6A59A2551217D007FDCBD /* LaunchScreen.storyboard */; };
		D4CDED1D24A38545004AD226 /* AppDelegate.swift in Sources */ = {isa = PBXBuildFile; fileRef = D4CDED1C24A38545004AD226 /* AppDelegate.swift */; };
		D4CDED1F24A38545004AD226 /* SceneDelegate.swift in Sources */ = {isa = PBXBuildFile; fileRef = D4CDED1E24A38545004AD226 /* SceneDelegate.swift */; };
		D4CDED2124A38545004AD226 /* ProjectsTableViewController.swift in Sources */ = {isa = PBXBuildFile; fileRef = D4CDED2024A38545004AD226 /* ProjectsTableViewController.swift */; };
		D4CDED2424A38545004AD226 /* Main.storyboard in Resources */ = {isa = PBXBuildFile; fileRef = D4CDED2224A38545004AD226 /* Main.storyboard */; };
		D4CDED2624A3854B004AD226 /* Assets.xcassets in Resources */ = {isa = PBXBuildFile; fileRef = D4CDED2524A3854B004AD226 /* Assets.xcassets */; };
		D4CDED2924A3854B004AD226 /* LaunchScreen.storyboard in Resources */ = {isa = PBXBuildFile; fileRef = D4CDED2724A3854B004AD226 /* LaunchScreen.storyboard */; };
		D4DD884E24B9FC7300A71342 /* ProjectsCollectionViewController.swift in Sources */ = {isa = PBXBuildFile; fileRef = D4DD884D24B9FC7300A71342 /* ProjectsCollectionViewController.swift */; };
		D4E01DC724D64D0A00F7C4BF /* TasksTableViewController.swift in Sources */ = {isa = PBXBuildFile; fileRef = D4E01DC624D64D0A00F7C4BF /* TasksTableViewController.swift */; };
		D4E01DCA24D650F800F7C4BF /* TaskTableViewCell.swift in Sources */ = {isa = PBXBuildFile; fileRef = D4E01DC824D650F800F7C4BF /* TaskTableViewCell.swift */; };
		D4E01DCB24D650F800F7C4BF /* TaskTableViewCell.xib in Resources */ = {isa = PBXBuildFile; fileRef = D4E01DC924D650F800F7C4BF /* TaskTableViewCell.xib */; };
/* End PBXBuildFile section */

/* Begin PBXFileReference section */
		31AFF153B1D02DAF9DDA9B47 /* Pods-SampleToDo.debug.xcconfig */ = {isa = PBXFileReference; includeInIndex = 1; lastKnownFileType = text.xcconfig; name = "Pods-SampleToDo.debug.xcconfig"; path = "Target Support Files/Pods-SampleToDo/Pods-SampleToDo.debug.xcconfig"; sourceTree = "<group>"; };
		5772DDE475BC7FCB746B376A /* Pods-SampleToDo.release.xcconfig */ = {isa = PBXFileReference; includeInIndex = 1; lastKnownFileType = text.xcconfig; name = "Pods-SampleToDo.release.xcconfig"; path = "Target Support Files/Pods-SampleToDo/Pods-SampleToDo.release.xcconfig"; sourceTree = "<group>"; };
		D40B233924B98A43008AB211 /* ProjectCollectionViewCell.swift */ = {isa = PBXFileReference; lastKnownFileType = sourcecode.swift; path = ProjectCollectionViewCell.swift; sourceTree = "<group>"; };
		D40B233A24B98A43008AB211 /* ProjectCollectionViewCell.xib */ = {isa = PBXFileReference; lastKnownFileType = file.xib; path = ProjectCollectionViewCell.xib; sourceTree = "<group>"; };
		D453DBB924D6A31D0039D9FA /* TaskDetailViewController.swift */ = {isa = PBXFileReference; lastKnownFileType = sourcecode.swift; path = TaskDetailViewController.swift; sourceTree = "<group>"; };
		D45AEF4C24B9528E00C1A50D /* ProjectTableViewCell.swift */ = {isa = PBXFileReference; lastKnownFileType = sourcecode.swift; path = ProjectTableViewCell.swift; sourceTree = "<group>"; };
		D45AEF4D24B9528E00C1A50D /* ProjectTableViewCell.xib */ = {isa = PBXFileReference; lastKnownFileType = file.xib; path = ProjectTableViewCell.xib; sourceTree = "<group>"; };
		D467BD8324CD135D00947928 /* ProjectDetailViewController.swift */ = {isa = PBXFileReference; lastKnownFileType = sourcecode.swift; path = ProjectDetailViewController.swift; sourceTree = "<group>"; };
		D486C2D824C974790095F7F0 /* Project.swift */ = {isa = PBXFileReference; fileEncoding = 4; lastKnownFileType = sourcecode.swift; path = Project.swift; sourceTree = "<group>"; };
		D486C2D924C974790095F7F0 /* ProjectsList.swift */ = {isa = PBXFileReference; fileEncoding = 4; lastKnownFileType = sourcecode.swift; path = ProjectsList.swift; sourceTree = "<group>"; };
		D486C2DA24C974790095F7F0 /* Task.swift */ = {isa = PBXFileReference; fileEncoding = 4; lastKnownFileType = sourcecode.swift; path = Task.swift; sourceTree = "<group>"; };
		D4B6A58D2551217C007FDCBD /* SampleToDoSwiftUI.app */ = {isa = PBXFileReference; explicitFileType = wrapper.application; includeInIndex = 0; path = SampleToDoSwiftUI.app; sourceTree = BUILT_PRODUCTS_DIR; };
		D4B6A58F2551217C007FDCBD /* AppDelegate.swift */ = {isa = PBXFileReference; lastKnownFileType = sourcecode.swift; path = AppDelegate.swift; sourceTree = "<group>"; };
		D4B6A5912551217C007FDCBD /* SceneDelegate.swift */ = {isa = PBXFileReference; lastKnownFileType = sourcecode.swift; path = SceneDelegate.swift; sourceTree = "<group>"; };
		D4B6A5932551217C007FDCBD /* ContentView.swift */ = {isa = PBXFileReference; lastKnownFileType = sourcecode.swift; path = ContentView.swift; sourceTree = "<group>"; };
		D4B6A5952551217D007FDCBD /* Assets.xcassets */ = {isa = PBXFileReference; lastKnownFileType = folder.assetcatalog; path = Assets.xcassets; sourceTree = "<group>"; };
		D4B6A5982551217D007FDCBD /* Preview Assets.xcassets */ = {isa = PBXFileReference; lastKnownFileType = folder.assetcatalog; path = "Preview Assets.xcassets"; sourceTree = "<group>"; };
		D4B6A59B2551217D007FDCBD /* Base */ = {isa = PBXFileReference; lastKnownFileType = file.storyboard; name = Base; path = Base.lproj/LaunchScreen.storyboard; sourceTree = "<group>"; };
		D4B6A59D2551217D007FDCBD /* Info.plist */ = {isa = PBXFileReference; lastKnownFileType = text.plist.xml; path = Info.plist; sourceTree = "<group>"; };
		D4CDED1924A38545004AD226 /* SampleToDo.app */ = {isa = PBXFileReference; explicitFileType = wrapper.application; includeInIndex = 0; path = SampleToDo.app; sourceTree = BUILT_PRODUCTS_DIR; };
		D4CDED1C24A38545004AD226 /* AppDelegate.swift */ = {isa = PBXFileReference; lastKnownFileType = sourcecode.swift; path = AppDelegate.swift; sourceTree = "<group>"; };
		D4CDED1E24A38545004AD226 /* SceneDelegate.swift */ = {isa = PBXFileReference; lastKnownFileType = sourcecode.swift; path = SceneDelegate.swift; sourceTree = "<group>"; };
		D4CDED2024A38545004AD226 /* ProjectsTableViewController.swift */ = {isa = PBXFileReference; lastKnownFileType = sourcecode.swift; path = ProjectsTableViewController.swift; sourceTree = "<group>"; };
		D4CDED2324A38545004AD226 /* Base */ = {isa = PBXFileReference; lastKnownFileType = file.storyboard; name = Base; path = Base.lproj/Main.storyboard; sourceTree = "<group>"; };
		D4CDED2524A3854B004AD226 /* Assets.xcassets */ = {isa = PBXFileReference; lastKnownFileType = folder.assetcatalog; path = Assets.xcassets; sourceTree = "<group>"; };
		D4CDED2824A3854B004AD226 /* Base */ = {isa = PBXFileReference; lastKnownFileType = file.storyboard; name = Base; path = Base.lproj/LaunchScreen.storyboard; sourceTree = "<group>"; };
		D4CDED2A24A3854B004AD226 /* Info.plist */ = {isa = PBXFileReference; lastKnownFileType = text.plist.xml; path = Info.plist; sourceTree = "<group>"; };
		D4DD884D24B9FC7300A71342 /* ProjectsCollectionViewController.swift */ = {isa = PBXFileReference; lastKnownFileType = sourcecode.swift; path = ProjectsCollectionViewController.swift; sourceTree = "<group>"; };
		D4E01DC624D64D0A00F7C4BF /* TasksTableViewController.swift */ = {isa = PBXFileReference; lastKnownFileType = sourcecode.swift; path = TasksTableViewController.swift; sourceTree = "<group>"; };
		D4E01DC824D650F800F7C4BF /* TaskTableViewCell.swift */ = {isa = PBXFileReference; lastKnownFileType = sourcecode.swift; path = TaskTableViewCell.swift; sourceTree = "<group>"; };
		D4E01DC924D650F800F7C4BF /* TaskTableViewCell.xib */ = {isa = PBXFileReference; lastKnownFileType = file.xib; path = TaskTableViewCell.xib; sourceTree = "<group>"; };
/* End PBXFileReference section */

/* Begin PBXFrameworksBuildPhase section */
		D4B6A58A2551217C007FDCBD /* Frameworks */ = {
			isa = PBXFrameworksBuildPhase;
			buildActionMask = 2147483647;
			files = (
			);
			runOnlyForDeploymentPostprocessing = 0;
		};
		D4CDED1624A38545004AD226 /* Frameworks */ = {
			isa = PBXFrameworksBuildPhase;
			buildActionMask = 2147483647;
			files = (
			);
			runOnlyForDeploymentPostprocessing = 0;
		};
/* End PBXFrameworksBuildPhase section */

/* Begin PBXGroup section */
		CA22B3E1F774EA847A842BBE /* Frameworks */ = {
			isa = PBXGroup;
			children = (
			);
			name = Frameworks;
			sourceTree = "<group>";
		};
		D4B6A58E2551217C007FDCBD /* SampleToDoSwiftUI */ = {
			isa = PBXGroup;
			children = (
				D4B6A58F2551217C007FDCBD /* AppDelegate.swift */,
				D4B6A5912551217C007FDCBD /* SceneDelegate.swift */,
				D4B6A5932551217C007FDCBD /* ContentView.swift */,
				D4B6A5952551217D007FDCBD /* Assets.xcassets */,
				D4B6A59A2551217D007FDCBD /* LaunchScreen.storyboard */,
				D4B6A59D2551217D007FDCBD /* Info.plist */,
				D4B6A5972551217D007FDCBD /* Preview Content */,
			);
			path = SampleToDoSwiftUI;
			sourceTree = "<group>";
		};
		D4B6A5972551217D007FDCBD /* Preview Content */ = {
			isa = PBXGroup;
			children = (
				D4B6A5982551217D007FDCBD /* Preview Assets.xcassets */,
			);
			path = "Preview Content";
			sourceTree = "<group>";
		};
		D4CDED1024A38545004AD226 = {
			isa = PBXGroup;
			children = (
				D4CDED1B24A38545004AD226 /* SampleToDo */,
				D4B6A58E2551217C007FDCBD /* SampleToDoSwiftUI */,
				D4CDED1A24A38545004AD226 /* Products */,
				F345DA2C1DDA68BD79DE1E5D /* Pods */,
				CA22B3E1F774EA847A842BBE /* Frameworks */,
			);
			sourceTree = "<group>";
		};
		D4CDED1A24A38545004AD226 /* Products */ = {
			isa = PBXGroup;
			children = (
				D4CDED1924A38545004AD226 /* SampleToDo.app */,
				D4B6A58D2551217C007FDCBD /* SampleToDoSwiftUI.app */,
			);
			name = Products;
			sourceTree = "<group>";
		};
		D4CDED1B24A38545004AD226 /* SampleToDo */ = {
			isa = PBXGroup;
			children = (
				D4CDED1C24A38545004AD226 /* AppDelegate.swift */,
				D4CDED1E24A38545004AD226 /* SceneDelegate.swift */,
				D486C2D824C974790095F7F0 /* Project.swift */,
				D486C2D924C974790095F7F0 /* ProjectsList.swift */,
				D486C2DA24C974790095F7F0 /* Task.swift */,
				D4CDED2024A38545004AD226 /* ProjectsTableViewController.swift */,
				D4DD884D24B9FC7300A71342 /* ProjectsCollectionViewController.swift */,
				D467BD8324CD135D00947928 /* ProjectDetailViewController.swift */,
				D45AEF4C24B9528E00C1A50D /* ProjectTableViewCell.swift */,
				D45AEF4D24B9528E00C1A50D /* ProjectTableViewCell.xib */,
				D40B233924B98A43008AB211 /* ProjectCollectionViewCell.swift */,
				D40B233A24B98A43008AB211 /* ProjectCollectionViewCell.xib */,
				D4E01DC624D64D0A00F7C4BF /* TasksTableViewController.swift */,
				D4E01DC824D650F800F7C4BF /* TaskTableViewCell.swift */,
				D4E01DC924D650F800F7C4BF /* TaskTableViewCell.xib */,
				D453DBB924D6A31D0039D9FA /* TaskDetailViewController.swift */,
				D4CDED2224A38545004AD226 /* Main.storyboard */,
				D4CDED2524A3854B004AD226 /* Assets.xcassets */,
				D4CDED2724A3854B004AD226 /* LaunchScreen.storyboard */,
				D4CDED2A24A3854B004AD226 /* Info.plist */,
			);
			path = SampleToDo;
			sourceTree = "<group>";
		};
		F345DA2C1DDA68BD79DE1E5D /* Pods */ = {
			isa = PBXGroup;
			children = (
				31AFF153B1D02DAF9DDA9B47 /* Pods-SampleToDo.debug.xcconfig */,
				5772DDE475BC7FCB746B376A /* Pods-SampleToDo.release.xcconfig */,
			);
			path = Pods;
			sourceTree = "<group>";
		};
/* End PBXGroup section */

/* Begin PBXNativeTarget section */
		D4B6A58C2551217C007FDCBD /* SampleToDoSwiftUI */ = {
			isa = PBXNativeTarget;
			buildConfigurationList = D4B6A5A02551217D007FDCBD /* Build configuration list for PBXNativeTarget "SampleToDoSwiftUI" */;
			buildPhases = (
				D4B6A5892551217C007FDCBD /* Sources */,
				D4B6A58A2551217C007FDCBD /* Frameworks */,
				D4B6A58B2551217C007FDCBD /* Resources */,
			);
			buildRules = (
			);
			dependencies = (
			);
			name = SampleToDoSwiftUI;
			productName = SampleToDoSwiftUI;
			productReference = D4B6A58D2551217C007FDCBD /* SampleToDoSwiftUI.app */;
			productType = "com.apple.product-type.application";
		};
		D4CDED1824A38545004AD226 /* SampleToDo */ = {
			isa = PBXNativeTarget;
			buildConfigurationList = D4CDED2D24A3854B004AD226 /* Build configuration list for PBXNativeTarget "SampleToDo" */;
			buildPhases = (
				2E529A4EFE6BFD02609123DF /* [CP] Check Pods Manifest.lock */,
				D4CDED1524A38545004AD226 /* Sources */,
				D4CDED1624A38545004AD226 /* Frameworks */,
				D4CDED1724A38545004AD226 /* Resources */,
			);
			buildRules = (
			);
			dependencies = (
			);
			name = SampleToDo;
			productName = SampleToDo;
			productReference = D4CDED1924A38545004AD226 /* SampleToDo.app */;
			productType = "com.apple.product-type.application";
		};
/* End PBXNativeTarget section */

/* Begin PBXProject section */
		D4CDED1124A38545004AD226 /* Project object */ = {
			isa = PBXProject;
			attributes = {
				LastSwiftUpdateCheck = 1210;
				LastUpgradeCheck = 1150;
				ORGANIZATIONNAME = "Kazuki Hamada";
				TargetAttributes = {
					D4B6A58C2551217C007FDCBD = {
						CreatedOnToolsVersion = 12.1;
					};
					D4CDED1824A38545004AD226 = {
						CreatedOnToolsVersion = 11.5;
					};
				};
			};
			buildConfigurationList = D4CDED1424A38545004AD226 /* Build configuration list for PBXProject "SampleToDo" */;
			compatibilityVersion = "Xcode 9.3";
			developmentRegion = en;
			hasScannedForEncodings = 0;
			knownRegions = (
				en,
				Base,
			);
			mainGroup = D4CDED1024A38545004AD226;
			productRefGroup = D4CDED1A24A38545004AD226 /* Products */;
			projectDirPath = "";
			projectRoot = "";
			targets = (
				D4CDED1824A38545004AD226 /* SampleToDo */,
				D4B6A58C2551217C007FDCBD /* SampleToDoSwiftUI */,
			);
		};
/* End PBXProject section */

/* Begin PBXResourcesBuildPhase section */
		D4B6A58B2551217C007FDCBD /* Resources */ = {
			isa = PBXResourcesBuildPhase;
			buildActionMask = 2147483647;
			files = (
				D4B6A59C2551217D007FDCBD /* LaunchScreen.storyboard in Resources */,
				D4B6A5992551217D007FDCBD /* Preview Assets.xcassets in Resources */,
				D4B6A5962551217D007FDCBD /* Assets.xcassets in Resources */,
			);
			runOnlyForDeploymentPostprocessing = 0;
		};
		D4CDED1724A38545004AD226 /* Resources */ = {
			isa = PBXResourcesBuildPhase;
			buildActionMask = 2147483647;
			files = (
				D4E01DCB24D650F800F7C4BF /* TaskTableViewCell.xib in Resources */,
				D4CDED2924A3854B004AD226 /* LaunchScreen.storyboard in Resources */,
				D4CDED2624A3854B004AD226 /* Assets.xcassets in Resources */,
				D4CDED2424A38545004AD226 /* Main.storyboard in Resources */,
				D45AEF4F24B9528E00C1A50D /* ProjectTableViewCell.xib in Resources */,
				D40B233C24B98A43008AB211 /* ProjectCollectionViewCell.xib in Resources */,
			);
			runOnlyForDeploymentPostprocessing = 0;
		};
/* End PBXResourcesBuildPhase section */

/* Begin PBXShellScriptBuildPhase section */
		2E529A4EFE6BFD02609123DF /* [CP] Check Pods Manifest.lock */ = {
			isa = PBXShellScriptBuildPhase;
			buildActionMask = 2147483647;
			files = (
			);
			inputFileListPaths = (
			);
			inputPaths = (
				"${PODS_PODFILE_DIR_PATH}/Podfile.lock",
				"${PODS_ROOT}/Manifest.lock",
			);
			name = "[CP] Check Pods Manifest.lock";
			outputFileListPaths = (
			);
			outputPaths = (
				"$(DERIVED_FILE_DIR)/Pods-SampleToDo-checkManifestLockResult.txt",
			);
			runOnlyForDeploymentPostprocessing = 0;
			shellPath = /bin/sh;
			shellScript = "diff \"${PODS_PODFILE_DIR_PATH}/Podfile.lock\" \"${PODS_ROOT}/Manifest.lock\" > /dev/null\nif [ $? != 0 ] ; then\n    # print error to STDERR\n    echo \"error: The sandbox is not in sync with the Podfile.lock. Run 'pod install' or update your CocoaPods installation.\" >&2\n    exit 1\nfi\n# This output is used by Xcode 'outputs' to avoid re-running this script phase.\necho \"SUCCESS\" > \"${SCRIPT_OUTPUT_FILE_0}\"\n";
			showEnvVarsInLog = 0;
		};
/* End PBXShellScriptBuildPhase section */

/* Begin PBXSourcesBuildPhase section */
		D4B6A5892551217C007FDCBD /* Sources */ = {
			isa = PBXSourcesBuildPhase;
			buildActionMask = 2147483647;
			files = (
				D4B6A5902551217C007FDCBD /* AppDelegate.swift in Sources */,
				D4B6A5922551217C007FDCBD /* SceneDelegate.swift in Sources */,
				D4B6A5942551217C007FDCBD /* ContentView.swift in Sources */,
			);
			runOnlyForDeploymentPostprocessing = 0;
		};
		D4CDED1524A38545004AD226 /* Sources */ = {
			isa = PBXSourcesBuildPhase;
			buildActionMask = 2147483647;
			files = (
				D40B233B24B98A43008AB211 /* ProjectCollectionViewCell.swift in Sources */,
				D4E01DC724D64D0A00F7C4BF /* TasksTableViewController.swift in Sources */,
				D467BD8424CD135D00947928 /* ProjectDetailViewController.swift in Sources */,
				D4CDED2124A38545004AD226 /* ProjectsTableViewController.swift in Sources */,
				D4DD884E24B9FC7300A71342 /* ProjectsCollectionViewController.swift in Sources */,
				D486C2DC24C974790095F7F0 /* ProjectsList.swift in Sources */,
				D4CDED1D24A38545004AD226 /* AppDelegate.swift in Sources */,
				D4CDED1F24A38545004AD226 /* SceneDelegate.swift in Sources */,
				D4E01DCA24D650F800F7C4BF /* TaskTableViewCell.swift in Sources */,
				D453DBBA24D6A31D0039D9FA /* TaskDetailViewController.swift in Sources */,
				D486C2DB24C974790095F7F0 /* Project.swift in Sources */,
				D486C2DD24C974790095F7F0 /* Task.swift in Sources */,
				D45AEF4E24B9528E00C1A50D /* ProjectTableViewCell.swift in Sources */,
			);
			runOnlyForDeploymentPostprocessing = 0;
		};
/* End PBXSourcesBuildPhase section */

/* Begin PBXVariantGroup section */
		D4B6A59A2551217D007FDCBD /* LaunchScreen.storyboard */ = {
			isa = PBXVariantGroup;
			children = (
				D4B6A59B2551217D007FDCBD /* Base */,
			);
			name = LaunchScreen.storyboard;
			sourceTree = "<group>";
		};
		D4CDED2224A38545004AD226 /* Main.storyboard */ = {
			isa = PBXVariantGroup;
			children = (
				D4CDED2324A38545004AD226 /* Base */,
			);
			name = Main.storyboard;
			sourceTree = "<group>";
		};
		D4CDED2724A3854B004AD226 /* LaunchScreen.storyboard */ = {
			isa = PBXVariantGroup;
			children = (
				D4CDED2824A3854B004AD226 /* Base */,
			);
			name = LaunchScreen.storyboard;
			sourceTree = "<group>";
		};
/* End PBXVariantGroup section */

/* Begin XCBuildConfiguration section */
		D4B6A59E2551217D007FDCBD /* Debug */ = {
			isa = XCBuildConfiguration;
			buildSettings = {
				ASSETCATALOG_COMPILER_APPICON_NAME = AppIcon;
				ASSETCATALOG_COMPILER_GLOBAL_ACCENT_COLOR_NAME = AccentColor;
				CLANG_WARN_QUOTED_INCLUDE_IN_FRAMEWORK_HEADER = YES;
				CODE_SIGN_STYLE = Automatic;
				DEVELOPMENT_ASSET_PATHS = "\"SampleToDoSwiftUI/Preview Content\"";
				DEVELOPMENT_TEAM = CNH8YYWFE2;
				ENABLE_PREVIEWS = YES;
				INFOPLIST_FILE = SampleToDoSwiftUI/Info.plist;
				IPHONEOS_DEPLOYMENT_TARGET = 14.1;
				LD_RUNPATH_SEARCH_PATHS = (
					"$(inherited)",
					"@executable_path/Frameworks",
				);
				PRODUCT_BUNDLE_IDENTIFIER = com.kazukima9376.SampleToDoSwiftUI;
				PRODUCT_NAME = "$(TARGET_NAME)";
				SWIFT_VERSION = 5.0;
				TARGETED_DEVICE_FAMILY = "1,2";
			};
			name = Debug;
		};
		D4B6A59F2551217D007FDCBD /* Release */ = {
			isa = XCBuildConfiguration;
			buildSettings = {
				ASSETCATALOG_COMPILER_APPICON_NAME = AppIcon;
				ASSETCATALOG_COMPILER_GLOBAL_ACCENT_COLOR_NAME = AccentColor;
				CLANG_WARN_QUOTED_INCLUDE_IN_FRAMEWORK_HEADER = YES;
				CODE_SIGN_STYLE = Automatic;
				DEVELOPMENT_ASSET_PATHS = "\"SampleToDoSwiftUI/Preview Content\"";
				DEVELOPMENT_TEAM = CNH8YYWFE2;
				ENABLE_PREVIEWS = YES;
				INFOPLIST_FILE = SampleToDoSwiftUI/Info.plist;
				IPHONEOS_DEPLOYMENT_TARGET = 14.1;
				LD_RUNPATH_SEARCH_PATHS = (
					"$(inherited)",
					"@executable_path/Frameworks",
				);
				PRODUCT_BUNDLE_IDENTIFIER = com.kazukima9376.SampleToDoSwiftUI;
				PRODUCT_NAME = "$(TARGET_NAME)";
				SWIFT_VERSION = 5.0;
				TARGETED_DEVICE_FAMILY = "1,2";
			};
			name = Release;
		};
		D4CDED2B24A3854B004AD226 /* Debug */ = {
			isa = XCBuildConfiguration;
			buildSettings = {
				ALWAYS_SEARCH_USER_PATHS = NO;
				CLANG_ANALYZER_NONNULL = YES;
				CLANG_ANALYZER_NUMBER_OBJECT_CONVERSION = YES_AGGRESSIVE;
				CLANG_CXX_LANGUAGE_STANDARD = "gnu++14";
				CLANG_CXX_LIBRARY = "libc++";
				CLANG_ENABLE_MODULES = YES;
				CLANG_ENABLE_OBJC_ARC = YES;
				CLANG_ENABLE_OBJC_WEAK = YES;
				CLANG_WARN_BLOCK_CAPTURE_AUTORELEASING = YES;
				CLANG_WARN_BOOL_CONVERSION = YES;
				CLANG_WARN_COMMA = YES;
				CLANG_WARN_CONSTANT_CONVERSION = YES;
				CLANG_WARN_DEPRECATED_OBJC_IMPLEMENTATIONS = YES;
				CLANG_WARN_DIRECT_OBJC_ISA_USAGE = YES_ERROR;
				CLANG_WARN_DOCUMENTATION_COMMENTS = YES;
				CLANG_WARN_EMPTY_BODY = YES;
				CLANG_WARN_ENUM_CONVERSION = YES;
				CLANG_WARN_INFINITE_RECURSION = YES;
				CLANG_WARN_INT_CONVERSION = YES;
				CLANG_WARN_NON_LITERAL_NULL_CONVERSION = YES;
				CLANG_WARN_OBJC_IMPLICIT_RETAIN_SELF = YES;
				CLANG_WARN_OBJC_LITERAL_CONVERSION = YES;
				CLANG_WARN_OBJC_ROOT_CLASS = YES_ERROR;
				CLANG_WARN_RANGE_LOOP_ANALYSIS = YES;
				CLANG_WARN_STRICT_PROTOTYPES = YES;
				CLANG_WARN_SUSPICIOUS_MOVE = YES;
				CLANG_WARN_UNGUARDED_AVAILABILITY = YES_AGGRESSIVE;
				CLANG_WARN_UNREACHABLE_CODE = YES;
				CLANG_WARN__DUPLICATE_METHOD_MATCH = YES;
				COPY_PHASE_STRIP = NO;
				DEBUG_INFORMATION_FORMAT = dwarf;
				ENABLE_STRICT_OBJC_MSGSEND = YES;
				ENABLE_TESTABILITY = YES;
				GCC_C_LANGUAGE_STANDARD = gnu11;
				GCC_DYNAMIC_NO_PIC = NO;
				GCC_NO_COMMON_BLOCKS = YES;
				GCC_OPTIMIZATION_LEVEL = 0;
				GCC_PREPROCESSOR_DEFINITIONS = (
					"DEBUG=1",
					"$(inherited)",
				);
				GCC_WARN_64_TO_32_BIT_CONVERSION = YES;
				GCC_WARN_ABOUT_RETURN_TYPE = YES_ERROR;
				GCC_WARN_UNDECLARED_SELECTOR = YES;
				GCC_WARN_UNINITIALIZED_AUTOS = YES_AGGRESSIVE;
				GCC_WARN_UNUSED_FUNCTION = YES;
				GCC_WARN_UNUSED_VARIABLE = YES;
				IPHONEOS_DEPLOYMENT_TARGET = 13.5;
				MTL_ENABLE_DEBUG_INFO = INCLUDE_SOURCE;
				MTL_FAST_MATH = YES;
				ONLY_ACTIVE_ARCH = YES;
				SDKROOT = iphoneos;
				SWIFT_ACTIVE_COMPILATION_CONDITIONS = DEBUG;
				SWIFT_OPTIMIZATION_LEVEL = "-Onone";
			};
			name = Debug;
		};
		D4CDED2C24A3854B004AD226 /* Release */ = {
			isa = XCBuildConfiguration;
			buildSettings = {
				ALWAYS_SEARCH_USER_PATHS = NO;
				CLANG_ANALYZER_NONNULL = YES;
				CLANG_ANALYZER_NUMBER_OBJECT_CONVERSION = YES_AGGRESSIVE;
				CLANG_CXX_LANGUAGE_STANDARD = "gnu++14";
				CLANG_CXX_LIBRARY = "libc++";
				CLANG_ENABLE_MODULES = YES;
				CLANG_ENABLE_OBJC_ARC = YES;
				CLANG_ENABLE_OBJC_WEAK = YES;
				CLANG_WARN_BLOCK_CAPTURE_AUTORELEASING = YES;
				CLANG_WARN_BOOL_CONVERSION = YES;
				CLANG_WARN_COMMA = YES;
				CLANG_WARN_CONSTANT_CONVERSION = YES;
				CLANG_WARN_DEPRECATED_OBJC_IMPLEMENTATIONS = YES;
				CLANG_WARN_DIRECT_OBJC_ISA_USAGE = YES_ERROR;
				CLANG_WARN_DOCUMENTATION_COMMENTS = YES;
				CLANG_WARN_EMPTY_BODY = YES;
				CLANG_WARN_ENUM_CONVERSION = YES;
				CLANG_WARN_INFINITE_RECURSION = YES;
				CLANG_WARN_INT_CONVERSION = YES;
				CLANG_WARN_NON_LITERAL_NULL_CONVERSION = YES;
				CLANG_WARN_OBJC_IMPLICIT_RETAIN_SELF = YES;
				CLANG_WARN_OBJC_LITERAL_CONVERSION = YES;
				CLANG_WARN_OBJC_ROOT_CLASS = YES_ERROR;
				CLANG_WARN_RANGE_LOOP_ANALYSIS = YES;
				CLANG_WARN_STRICT_PROTOTYPES = YES;
				CLANG_WARN_SUSPICIOUS_MOVE = YES;
				CLANG_WARN_UNGUARDED_AVAILABILITY = YES_AGGRESSIVE;
				CLANG_WARN_UNREACHABLE_CODE = YES;
				CLANG_WARN__DUPLICATE_METHOD_MATCH = YES;
				COPY_PHASE_STRIP = NO;
				DEBUG_INFORMATION_FORMAT = "dwarf-with-dsym";
				ENABLE_NS_ASSERTIONS = NO;
				ENABLE_STRICT_OBJC_MSGSEND = YES;
				GCC_C_LANGUAGE_STANDARD = gnu11;
				GCC_NO_COMMON_BLOCKS = YES;
				GCC_WARN_64_TO_32_BIT_CONVERSION = YES;
				GCC_WARN_ABOUT_RETURN_TYPE = YES_ERROR;
				GCC_WARN_UNDECLARED_SELECTOR = YES;
				GCC_WARN_UNINITIALIZED_AUTOS = YES_AGGRESSIVE;
				GCC_WARN_UNUSED_FUNCTION = YES;
				GCC_WARN_UNUSED_VARIABLE = YES;
				IPHONEOS_DEPLOYMENT_TARGET = 13.5;
				MTL_ENABLE_DEBUG_INFO = NO;
				MTL_FAST_MATH = YES;
				SDKROOT = iphoneos;
				SWIFT_COMPILATION_MODE = wholemodule;
				SWIFT_OPTIMIZATION_LEVEL = "-O";
				VALIDATE_PRODUCT = YES;
			};
			name = Release;
		};
		D4CDED2E24A3854B004AD226 /* Debug */ = {
			isa = XCBuildConfiguration;
			baseConfigurationReference = 31AFF153B1D02DAF9DDA9B47 /* Pods-SampleToDo.debug.xcconfig */;
			buildSettings = {
				ASSETCATALOG_COMPILER_APPICON_NAME = AppIcon;
				CODE_SIGN_STYLE = Automatic;
				DEVELOPMENT_TEAM = CNH8YYWFE2;
				INFOPLIST_FILE = SampleToDo/Info.plist;
				LD_RUNPATH_SEARCH_PATHS = (
					"$(inherited)",
					"@executable_path/Frameworks",
				);
				PRODUCT_BUNDLE_IDENTIFIER = com.kazukima9376.SampleToDo;
				PRODUCT_NAME = "$(TARGET_NAME)";
				SWIFT_VERSION = 5.0;
				TARGETED_DEVICE_FAMILY = "1,2";
			};
			name = Debug;
		};
		D4CDED2F24A3854B004AD226 /* Release */ = {
			isa = XCBuildConfiguration;
			baseConfigurationReference = 5772DDE475BC7FCB746B376A /* Pods-SampleToDo.release.xcconfig */;
			buildSettings = {
				ASSETCATALOG_COMPILER_APPICON_NAME = AppIcon;
				CODE_SIGN_STYLE = Automatic;
				DEVELOPMENT_TEAM = CNH8YYWFE2;
				INFOPLIST_FILE = SampleToDo/Info.plist;
				LD_RUNPATH_SEARCH_PATHS = (
					"$(inherited)",
					"@executable_path/Frameworks",
				);
				PRODUCT_BUNDLE_IDENTIFIER = com.kazukima9376.SampleToDo;
				PRODUCT_NAME = "$(TARGET_NAME)";
				SWIFT_VERSION = 5.0;
				TARGETED_DEVICE_FAMILY = "1,2";
			};
			name = Release;
		};
/* End XCBuildConfiguration section */

/* Begin XCConfigurationList section */
		D4B6A5A02551217D007FDCBD /* Build configuration list for PBXNativeTarget "SampleToDoSwiftUI" */ = {
			isa = XCConfigurationList;
			buildConfigurations = (
				D4B6A59E2551217D007FDCBD /* Debug */,
				D4B6A59F2551217D007FDCBD /* Release */,
			);
			defaultConfigurationIsVisible = 0;
			defaultConfigurationName = Release;
		};
		D4CDED1424A38545004AD226 /* Build configuration list for PBXProject "SampleToDo" */ = {
			isa = XCConfigurationList;
			buildConfigurations = (
				D4CDED2B24A3854B004AD226 /* Debug */,
				D4CDED2C24A3854B004AD226 /* Release */,
			);
			defaultConfigurationIsVisible = 0;
			defaultConfigurationName = Release;
		};
		D4CDED2D24A3854B004AD226 /* Build configuration list for PBXNativeTarget "SampleToDo" */ = {
			isa = XCConfigurationList;
			buildConfigurations = (
				D4CDED2E24A3854B004AD226 /* Debug */,
				D4CDED2F24A3854B004AD226 /* Release */,
			);
			defaultConfigurationIsVisible = 0;
			defaultConfigurationName = Release;
		};
/* End XCConfigurationList section */
	};
	rootObject = D4CDED1124A38545004AD226 /* Project object */;
}
